
Microsoft Visual Studio Solution File, Format Version 12.00
# Visual Studio Version 17
VisualStudioVersion = 17.7.34202.233
MinimumVisualStudioVersion = 10.0.40219.1
Project("{FAE04EC0-301F-11D3-BF4B-00C04F79EFBC}") = "TaskManagementSystem", "TaskManagementSystem\TaskManagementSystem.csproj", "{F92CE9D7-BEA9-43D4-8004-EC3640476E09}"
EndProject
Global
	GlobalSection(SolutionConfigurationPlatforms) = preSolution
		Debug|Any CPU = Debug|Any CPU
		Release|Any CPU = Release|Any CPU
	EndGlobalSection
	GlobalSection(ProjectConfigurationPlatforms) = postSolution
		{F92CE9D7-BEA9-43D4-8004-EC3640476E09}.Debug|Any CPU.ActiveCfg = Debug|Any CPU
		{F92CE9D7-BEA9-43D4-8004-EC3640476E09}.Debug|Any CPU.Build.0 = Debug|Any CPU
		{F92CE9D7-BEA9-43D4-8004-EC3640476E09}.Release|Any CPU.ActiveCfg = Release|Any CPU
		{F92CE9D7-BEA9-43D4-8004-EC3640476E09}.Release|Any CPU.Build.0 = Release|Any CPU
	EndGlobalSection
	GlobalSection(SolutionProperties) = preSolution
		HideSolutionNode = FALSE
	EndGlobalSection
	GlobalSection(ExtensibilityGlobals) = postSolution
		SolutionGuid = {06C3BF0D-37FC-45D5-81D4-BE4AC340981D}
	EndGlobalSection
EndGlobal
